// !$*UTF8*$!
{
	archiveVersion = 1;
	classes = {
	};
	objectVersion = 50;
	objects = {

/* Begin PBXBuildFile section */
		84843C6521FEAE3500B67EED /* AppDelegate.swift in Sources */ = {isa = PBXBuildFile; fileRef = 84843C6421FEAE3500B67EED /* AppDelegate.swift */; };
		84843C6721FEAE3500B67EED /* ViewController.swift in Sources */ = {isa = PBXBuildFile; fileRef = 84843C6621FEAE3500B67EED /* ViewController.swift */; };
		84843C6A21FEAE3500B67EED /* Main.storyboard in Resources */ = {isa = PBXBuildFile; fileRef = 84843C6821FEAE3500B67EED /* Main.storyboard */; };
		84843C6C21FEAE3800B67EED /* Assets.xcassets in Resources */ = {isa = PBXBuildFile; fileRef = 84843C6B21FEAE3800B67EED /* Assets.xcassets */; };
		84843C6F21FEAE3800B67EED /* LaunchScreen.storyboard in Resources */ = {isa = PBXBuildFile; fileRef = 84843C6D21FEAE3800B67EED /* LaunchScreen.storyboard */; };
		84843C7A21FEAE3800B67EED /* Food_TrackerTests.swift in Sources */ = {isa = PBXBuildFile; fileRef = 84843C7921FEAE3800B67EED /* Food_TrackerTests.swift */; };
/* End PBXBuildFile section */

/* Begin PBXContainerItemProxy section */
		84843C7621FEAE3800B67EED /* PBXContainerItemProxy */ = {
			isa = PBXContainerItemProxy;
			containerPortal = 84843C5921FEAE3500B67EED /* Project object */;
			proxyType = 1;
			remoteGlobalIDString = 84843C6021FEAE3500B67EED;
			remoteInfo = Food_Tracker;
		};
/* End PBXContainerItemProxy section */

/* Begin PBXFileReference section */
		84843C6121FEAE3500B67EED /* Food_Tracker.app */ = {isa = PBXFileReference; explicitFileType = wrapper.application; includeInIndex = 0; path = Food_Tracker.app; sourceTree = BUILT_PRODUCTS_DIR; };
		84843C6421FEAE3500B67EED /* AppDelegate.swift */ = {isa = PBXFileReference; lastKnownFileType = sourcecode.swift; path = AppDelegate.swift; sourceTree = "<group>"; };
		84843C6621FEAE3500B67EED /* ViewController.swift */ = {isa = PBXFileReference; lastKnownFileType = sourcecode.swift; path = ViewController.swift; sourceTree = "<group>"; };
		84843C6921FEAE3500B67EED /* Base */ = {isa = PBXFileReference; lastKnownFileType = file.storyboard; name = Base; path = Base.lproj/Main.storyboard; sourceTree = "<group>"; };
		84843C6B21FEAE3800B67EED /* Assets.xcassets */ = {isa = PBXFileReference; lastKnownFileType = folder.assetcatalog; path = Assets.xcassets; sourceTree = "<group>"; };
		84843C6E21FEAE3800B67EED /* Base */ = {isa = PBXFileReference; lastKnownFileType = file.storyboard; name = Base; path = Base.lproj/LaunchScreen.storyboard; sourceTree = "<group>"; };
		84843C7021FEAE3800B67EED /* Info.plist */ = {isa = PBXFileReference; lastKnownFileType = text.plist.xml; path = Info.plist; sourceTree = "<group>"; };
		84843C7521FEAE3800B67EED /* Food_TrackerTests.xctest */ = {isa = PBXFileReference; explicitFileType = wrapper.cfbundle; includeInIndex = 0; path = Food_TrackerTests.xctest; sourceTree = BUILT_PRODUCTS_DIR; };
		84843C7921FEAE3800B67EED /* Food_TrackerTests.swift */ = {isa = PBXFileReference; lastKnownFileType = sourcecode.swift; path = Food_TrackerTests.swift; sourceTree = "<group>"; };
		84843C7B21FEAE3800B67EED /* Info.plist */ = {isa = PBXFileReference; lastKnownFileType = text.plist.xml; path = Info.plist; sourceTree = "<group>"; };
/* End PBXFileReference section */

/* Begin PBXFrameworksBuildPhase section */
		84843C5E21FEAE3500B67EED /* Frameworks */ = {
			isa = PBXFrameworksBuildPhase;
			buildActionMask = 2147483647;
			files = (
			);
			runOnlyForDeploymentPostprocessing = 0;
		};
		84843C7221FEAE3800B67EED /* Frameworks */ = {
			isa = PBXFrameworksBuildPhase;
			buildActionMask = 2147483647;
			files = (
			);
			runOnlyForDeploymentPostprocessing = 0;
		};
/* End PBXFrameworksBuildPhase section */

/* Begin PBXGroup section */
		84843C5821FEAE3500B67EED = {
			isa = PBXGroup;
			children = (
				84843C6321FEAE3500B67EED /* Food_Tracker */,
				84843C7821FEAE3800B67EED /* Food_TrackerTests */,
				84843C6221FEAE3500B67EED /* Products */,
			);
			sourceTree = "<group>";
		};
		84843C6221FEAE3500B67EED /* Products */ = {
			isa = PBXGroup;
			children = (
				84843C6121FEAE3500B67EED /* Food_Tracker.app */,
				84843C7521FEAE3800B67EED /* Food_TrackerTests.xctest */,
			);
			name = Products;
			sourceTree = "<group>";
		};
		84843C6321FEAE3500B67EED /* Food_Tracker */ = {
			isa = PBXGroup;
			children = (
				84843C6421FEAE3500B67EED /* AppDelegate.swift */,
				84843C6621FEAE3500B67EED /* ViewController.swift */,
				84843C6821FEAE3500B67EED /* Main.storyboard */,
				84843C6B21FEAE3800B67EED /* Assets.xcassets */,
				84843C6D21FEAE3800B67EED /* LaunchScreen.storyboard */,
				84843C7021FEAE3800B67EED /* Info.plist */,
			);
			path = Food_Tracker;
			sourceTree = "<group>";
		};
		84843C7821FEAE3800B67EED /* Food_TrackerTests */ = {
			isa = PBXGroup;
			children = (
				84843C7921FEAE3800B67EED /* Food_TrackerTests.swift */,
				84843C7B21FEAE3800B67EED /* Info.plist */,
			);
			path = Food_TrackerTests;
			sourceTree = "<group>";
		};
/* End PBXGroup section */

/* Begin PBXNativeTarget section */
		84843C6021FEAE3500B67EED /* Food_Tracker */ = {
			isa = PBXNativeTarget;
			buildConfigurationList = 84843C7E21FEAE3800B67EED /* Build configuration list for PBXNativeTarget "Food_Tracker" */;
			buildPhases = (
				84843C5D21FEAE3500B67EED /* Sources */,
				84843C5E21FEAE3500B67EED /* Frameworks */,
				84843C5F21FEAE3500B67EED /* Resources */,
			);
			buildRules = (
			);
			dependencies = (
			);
			name = Food_Tracker;
			productName = Food_Tracker;
			productReference = 84843C6121FEAE3500B67EED /* Food_Tracker.app */;
			productType = "com.apple.product-type.application";
		};
		84843C7421FEAE3800B67EED /* Food_TrackerTests */ = {
			isa = PBXNativeTarget;
			buildConfigurationList = 84843C8121FEAE3800B67EED /* Build configuration list for PBXNativeTarget "Food_TrackerTests" */;
			buildPhases = (
				84843C7121FEAE3800B67EED /* Sources */,
				84843C7221FEAE3800B67EED /* Frameworks */,
				84843C7321FEAE3800B67EED /* Resources */,
			);
			buildRules = (
			);
			dependencies = (
				84843C7721FEAE3800B67EED /* PBXTargetDependency */,
			);
			name = Food_TrackerTests;
			productName = Food_TrackerTests;
			productReference = 84843C7521FEAE3800B67EED /* Food_TrackerTests.xctest */;
			productType = "com.apple.product-type.bundle.unit-test";
		};
/* End PBXNativeTarget section */

/* Begin PBXProject section */
		84843C5921FEAE3500B67EED /* Project object */ = {
			isa = PBXProject;
			attributes = {
				LastSwiftUpdateCheck = 1010;
				LastUpgradeCheck = 1010;
				ORGANIZATIONNAME = AlexD;
				TargetAttributes = {
					84843C6021FEAE3500B67EED = {
						CreatedOnToolsVersion = 10.1;
					};
					84843C7421FEAE3800B67EED = {
						CreatedOnToolsVersion = 10.1;
						TestTargetID = 84843C6021FEAE3500B67EED;
					};
				};
			};
			buildConfigurationList = 84843C5C21FEAE3500B67EED /* Build configuration list for PBXProject "Food_Tracker" */;
			compatibilityVersion = "Xcode 9.3";
			developmentRegion = en;
			hasScannedForEncodings = 0;
			knownRegions = (
				en,
				Base,
			);
			mainGroup = 84843C5821FEAE3500B67EED;
			productRefGroup = 84843C6221FEAE3500B67EED /* Products */;
			projectDirPath = "";
			projectRoot = "";
			targets = (
				84843C6021FEAE3500B67EED /* Food_Tracker */,
				84843C7421FEAE3800B67EED /* Food_TrackerTests */,
			);
		};
/* End PBXProject section */

/* Begin PBXResourcesBuildPhase section */
		84843C5F21FEAE3500B67EED /* Resources */ = {
			isa = PBXResourcesBuildPhase;
			buildActionMask = 2147483647;
			files = (
				84843C6F21FEAE3800B67EED /* LaunchScreen.storyboard in Resources */,
				84843C6C21FEAE3800B67EED /* Assets.xcassets in Resources */,
				84843C6A21FEAE3500B67EED /* Main.storyboard in Resources */,
			);
			runOnlyForDeploymentPostprocessing = 0;
		};
		84843C7321FEAE3800B67EED /* Resources */ = {
			isa = PBXResourcesBuildPhase;
			buildActionMask = 2147483647;
			files = (
			);
			runOnlyForDeploymentPostprocessing = 0;
		};
/* End PBXResourcesBuildPhase section */

/* Begin PBXSourcesBuildPhase section */
		84843C5D21FEAE3500B67EED /* Sources */ = {
			isa = PBXSourcesBuildPhase;
			buildActionMask = 2147483647;
			files = (
				84843C6721FEAE3500B67EED /* ViewController.swift in Sources */,
				84843C6521FEAE3500B67EED /* AppDelegate.swift in Sources */,
			);
			runOnlyForDeploymentPostprocessing = 0;
		};
		84843C7121FEAE3800B67EED /* Sources */ = {
			isa = PBXSourcesBuildPhase;
			buildActionMask = 2147483647;
			files = (
				84843C7A21FEAE3800B67EED /* Food_TrackerTests.swift in Sources */,
			);
			runOnlyForDeploymentPostprocessing = 0;
		};
/* End PBXSourcesBuildPhase section */

/* Begin PBXTargetDependency section */
		84843C7721FEAE3800B67EED /* PBXTargetDependency */ = {
			isa = PBXTargetDependency;
			target = 84843C6021FEAE3500B67EED /* Food_Tracker */;
			targetProxy = 84843C7621FEAE3800B67EED /* PBXContainerItemProxy */;
		};
/* End PBXTargetDependency section */

/* Begin PBXVariantGroup section */
		84843C6821FEAE3500B67EED /* Main.storyboard */ = {
			isa = PBXVariantGroup;
			children = (
				84843C6921FEAE3500B67EED /* Base */,
			);
			name = Main.storyboard;
			sourceTree = "<group>";
		};
		84843C6D21FEAE3800B67EED /* LaunchScreen.storyboard */ = {
			isa = PBXVariantGroup;
			children = (
				84843C6E21FEAE3800B67EED /* Base */,
			);
			name = LaunchScreen.storyboard;
			sourceTree = "<group>";
		};
/* End PBXVariantGroup section */

/* Begin XCBuildConfiguration section */
		84843C7C21FEAE3800B67EED /* Debug */ = {
			isa = XCBuildConfiguration;
			buildSettings = {
				ALWAYS_SEARCH_USER_PATHS = NO;
				CLANG_ANALYZER_NONNULL = YES;
				CLANG_ANALYZER_NUMBER_OBJECT_CONVERSION = YES_AGGRESSIVE;
				CLANG_CXX_LANGUAGE_STANDARD = "gnu++14";
				CLANG_CXX_LIBRARY = "libc++";
				CLANG_ENABLE_MODULES = YES;
				CLANG_ENABLE_OBJC_ARC = YES;
				CLANG_ENABLE_OBJC_WEAK = YES;
				CLANG_WARN_BLOCK_CAPTURE_AUTORELEASING = YES;
				CLANG_WARN_BOOL_CONVERSION = YES;
				CLANG_WARN_COMMA = YES;
				CLANG_WARN_CONSTANT_CONVERSION = YES;
				CLANG_WARN_DEPRECATED_OBJC_IMPLEMENTATIONS = YES;
				CLANG_WARN_DIRECT_OBJC_ISA_USAGE = YES_ERROR;
				CLANG_WARN_DOCUMENTATION_COMMENTS = YES;
				CLANG_WARN_EMPTY_BODY = YES;
				CLANG_WARN_ENUM_CONVERSION = YES;
				CLANG_WARN_INFINITE_RECURSION = YES;
				CLANG_WARN_INT_CONVERSION = YES;
				CLANG_WARN_NON_LITERAL_NULL_CONVERSION = YES;
				CLANG_WARN_OBJC_IMPLICIT_RETAIN_SELF = YES;
				CLANG_WARN_OBJC_LITERAL_CONVERSION = YES;
				CLANG_WARN_OBJC_ROOT_CLASS = YES_ERROR;
				CLANG_WARN_RANGE_LOOP_ANALYSIS = YES;
				CLANG_WARN_STRICT_PROTOTYPES = YES;
				CLANG_WARN_SUSPICIOUS_MOVE = YES;
				CLANG_WARN_UNGUARDED_AVAILABILITY = YES_AGGRESSIVE;
				CLANG_WARN_UNREACHABLE_CODE = YES;
				CLANG_WARN__DUPLICATE_METHOD_MATCH = YES;
				CODE_SIGN_IDENTITY = "iPhone Developer";
				COPY_PHASE_STRIP = NO;
				DEBUG_INFORMATION_FORMAT = dwarf;
				ENABLE_STRICT_OBJC_MSGSEND = YES;
				ENABLE_TESTABILITY = YES;
				GCC_C_LANGUAGE_STANDARD = gnu11;
				GCC_DYNAMIC_NO_PIC = NO;
				GCC_NO_COMMON_BLOCKS = YES;
				GCC_OPTIMIZATION_LEVEL = 0;
				GCC_PREPROCESSOR_DEFINITIONS = (
					"DEBUG=1",
					"$(inherited)",
				);
				GCC_WARN_64_TO_32_BIT_CONVERSION = YES;
				GCC_WARN_ABOUT_RETURN_TYPE = YES_ERROR;
				GCC_WARN_UNDECLARED_SELECTOR = YES;
				GCC_WARN_UNINITIALIZED_AUTOS = YES_AGGRESSIVE;
				GCC_WARN_UNUSED_FUNCTION = YES;
				GCC_WARN_UNUSED_VARIABLE = YES;
				IPHONEOS_DEPLOYMENT_TARGET = 12.1;
				MTL_ENABLE_DEBUG_INFO = INCLUDE_SOURCE;
				MTL_FAST_MATH = YES;
				ONLY_ACTIVE_ARCH = YES;
				SDKROOT = iphoneos;
				SWIFT_ACTIVE_COMPILATION_CONDITIONS = DEBUG;
				SWIFT_OPTIMIZATION_LEVEL = "-Onone";
			};
			name = Debug;
		};
		84843C7D21FEAE3800B67EED /* Release */ = {
			isa = XCBuildConfiguration;
			buildSettings = {
				ALWAYS_SEARCH_USER_PATHS = NO;
				CLANG_ANALYZER_NONNULL = YES;
				CLANG_ANALYZER_NUMBER_OBJECT_CONVERSION = YES_AGGRESSIVE;
				CLANG_CXX_LANGUAGE_STANDARD = "gnu++14";
				CLANG_CXX_LIBRARY = "libc++";
				CLANG_ENABLE_MODULES = YES;
				CLANG_ENABLE_OBJC_ARC = YES;
				CLANG_ENABLE_OBJC_WEAK = YES;
				CLANG_WARN_BLOCK_CAPTURE_AUTORELEASING = YES;
				CLANG_WARN_BOOL_CONVERSION = YES;
				CLANG_WARN_COMMA = YES;
				CLANG_WARN_CONSTANT_CONVERSION = YES;
				CLANG_WARN_DEPRECATED_OBJC_IMPLEMENTATIONS = YES;
				CLANG_WARN_DIRECT_OBJC_ISA_USAGE = YES_ERROR;
				CLANG_WARN_DOCUMENTATION_COMMENTS = YES;
				CLANG_WARN_EMPTY_BODY = YES;
				CLANG_WARN_ENUM_CONVERSION = YES;
				CLANG_WARN_INFINITE_RECURSION = YES;
				CLANG_WARN_INT_CONVERSION = YES;
				CLANG_WARN_NON_LITERAL_NULL_CONVERSION = YES;
				CLANG_WARN_OBJC_IMPLICIT_RETAIN_SELF = YES;
				CLANG_WARN_OBJC_LITERAL_CONVERSION = YES;
				CLANG_WARN_OBJC_ROOT_CLASS = YES_ERROR;
				CLANG_WARN_RANGE_LOOP_ANALYSIS = YES;
				CLANG_WARN_STRICT_PROTOTYPES = YES;
				CLANG_WARN_SUSPICIOUS_MOVE = YES;
				CLANG_WARN_UNGUARDED_AVAILABILITY = YES_AGGRESSIVE;
				CLANG_WARN_UNREACHABLE_CODE = YES;
				CLANG_WARN__DUPLICATE_METHOD_MATCH = YES;
				CODE_SIGN_IDENTITY = "iPhone Developer";
				COPY_PHASE_STRIP = NO;
				DEBUG_INFORMATION_FORMAT = "dwarf-with-dsym";
				ENABLE_NS_ASSERTIONS = NO;
				ENABLE_STRICT_OBJC_MSGSEND = YES;
				GCC_C_LANGUAGE_STANDARD = gnu11;
				GCC_NO_COMMON_BLOCKS = YES;
				GCC_WARN_64_TO_32_BIT_CONVERSION = YES;
				GCC_WARN_ABOUT_RETURN_TYPE = YES_ERROR;
				GCC_WARN_UNDECLARED_SELECTOR = YES;
				GCC_WARN_UNINITIALIZED_AUTOS = YES_AGGRESSIVE;
				GCC_WARN_UNUSED_FUNCTION = YES;
				GCC_WARN_UNUSED_VARIABLE = YES;
				IPHONEOS_DEPLOYMENT_TARGET = 12.1;
				MTL_ENABLE_DEBUG_INFO = NO;
				MTL_FAST_MATH = YES;
				SDKROOT = iphoneos;
				SWIFT_COMPILATION_MODE = wholemodule;
				SWIFT_OPTIMIZATION_LEVEL = "-O";
				VALIDATE_PRODUCT = YES;
			};
			name = Release;
		};
		84843C7F21FEAE3800B67EED /* Debug */ = {
			isa = XCBuildConfiguration;
			buildSettings = {
				ASSETCATALOG_COMPILER_APPICON_NAME = AppIcon;
				CODE_SIGN_STYLE = Automatic;
				INFOPLIST_FILE = Food_Tracker/Info.plist;
				LD_RUNPATH_SEARCH_PATHS = (
					"$(inherited)",
					"@executable_path/Frameworks",
				);
				PRODUCT_BUNDLE_IDENTIFIER = "com.SeeOtter.net.Food-Tracker";
				PRODUCT_NAME = "$(TARGET_NAME)";
				SWIFT_VERSION = 4.2;
				TARGETED_DEVICE_FAMILY = "1,2";
			};
			name = Debug;
		};
		84843C8021FEAE3800B67EED /* Release */ = {
			isa = XCBuildConfiguration;
			buildSettings = {
				ASSETCATALOG_COMPILER_APPICON_NAME = AppIcon;
				CODE_SIGN_STYLE = Automatic;
				INFOPLIST_FILE = Food_Tracker/Info.plist;
				LD_RUNPATH_SEARCH_PATHS = (
					"$(inherited)",
					"@executable_path/Frameworks",
				);
				PRODUCT_BUNDLE_IDENTIFIER = "com.SeeOtter.net.Food-Tracker";
				PRODUCT_NAME = "$(TARGET_NAME)";
				SWIFT_VERSION = 4.2;
				TARGETED_DEVICE_FAMILY = "1,2";
			};
			name = Release;
		};
		84843C8221FEAE3800B67EED /* Debug */ = {
			isa = XCBuildConfiguration;
			buildSettings = {
				ALWAYS_EMBED_SWIFT_STANDARD_LIBRARIES = YES;
				BUNDLE_LOADER = "$(TEST_HOST)";
				CODE_SIGN_STYLE = Automatic;
				INFOPLIST_FILE = Food_TrackerTests/Info.plist;
				LD_RUNPATH_SEARCH_PATHS = (
					"$(inherited)",
					"@executable_path/Frameworks",
					"@loader_path/Frameworks",
				);
				PRODUCT_BUNDLE_IDENTIFIER = "com.SeeOtter.net.Food-TrackerTests";
				PRODUCT_NAME = "$(TARGET_NAME)";
				SWIFT_VERSION = 4.2;
				TARGETED_DEVICE_FAMILY = "1,2";
				TEST_HOST = "$(BUILT_PRODUCTS_DIR)/Food_Tracker.app/Food_Tracker";
			};
			name = Debug;
		};
		84843C8321FEAE3800B67EED /* Release */ = {
			isa = XCBuildConfiguration;
			buildSettings = {
				ALWAYS_EMBED_SWIFT_STANDARD_LIBRARIES = YES;
				BUNDLE_LOADER = "$(TEST_HOST)";
				CODE_SIGN_STYLE = Automatic;
				INFOPLIST_FILE = Food_TrackerTests/Info.plist;
				LD_RUNPATH_SEARCH_PATHS = (
					"$(inherited)",
					"@executable_path/Frameworks",
					"@loader_path/Frameworks",
				);
				PRODUCT_BUNDLE_IDENTIFIER = "com.SeeOtter.net.Food-TrackerTests";
				PRODUCT_NAME = "$(TARGET_NAME)";
				SWIFT_VERSION = 4.2;
				TARGETED_DEVICE_FAMILY = "1,2";
				TEST_HOST = "$(BUILT_PRODUCTS_DIR)/Food_Tracker.app/Food_Tracker";
			};
			name = Release;
		};
/* End XCBuildConfiguration section */

/* Begin XCConfigurationList section */
		84843C5C21FEAE3500B67EED /* Build configuration list for PBXProject "Food_Tracker" */ = {
			isa = XCConfigurationList;
			buildConfigurations = (
				84843C7C21FEAE3800B67EED /* Debug */,
				84843C7D21FEAE3800B67EED /* Release */,
			);
			defaultConfigurationIsVisible = 0;
			defaultConfigurationName = Release;
		};
		84843C7E21FEAE3800B67EED /* Build configuration list for PBXNativeTarget "Food_Tracker" */ = {
			isa = XCConfigurationList;
			buildConfigurations = (
				84843C7F21FEAE3800B67EED /* Debug */,
				84843C8021FEAE3800B67EED /* Release */,
			);
			defaultConfigurationIsVisible = 0;
			defaultConfigurationName = Release;
		};
		84843C8121FEAE3800B67EED /* Build configuration list for PBXNativeTarget "Food_TrackerTests" */ = {
			isa = XCConfigurationList;
			buildConfigurations = (
				84843C8221FEAE3800B67EED /* Debug */,
				84843C8321FEAE3800B67EED /* Release */,
			);
			defaultConfigurationIsVisible = 0;
			defaultConfigurationName = Release;
		};
/* End XCConfigurationList section */
	};
	rootObject = 84843C5921FEAE3500B67EED /* Project object */;
}
